{
  "lockfile_version": "1",
  "packages": {
    "github:NixOS/nixpkgs/nixpkgs-unstable": {
      "resolved": "github:NixOS/nixpkgs/096478927c360bc18ea80c8274f013709cf7bdcd?lastModified=1742206328&narHash=sha256-q%2BAQ%2F%2F%2FoMnyyFzzF4H9ShSRENt3Zsx37jTiRkLkXXE0%3D"
    },
    "nodejs@20.19.": {
      "last_modified": "2025-08-11T23:54:17Z",
      "plugin_version": "0.0.2",
      "resolved": "github:NixOS/nixpkgs/5a983011e0f4b3b286aaa73e011ce32b1449a528#nodejs_20",
      "source": "devbox-search",
      "version": "20.19.4",
      "systems": {
        "aarch64-darwin": {
          "outputs": [
            {
              "name": "out",
              "path": "/nix/store/2xza7g9y47n717w43qdd1ikc0y10qh16-nodejs-20.19.4",
              "default": true
            },
            {
              "name": "dev",
              "path": "/nix/store/yvcblmgwq9md8f2mpw8ra2cf3b7jkm7b-nodejs-20.19.4-dev"
            },
            {
              "name": "libv8",
              "path": "/nix/store/x5b5wq2qjfq9di05qlja0wd7ypqcnxc8-nodejs-20.19.4-libv8"
            }
          ],
          "store_path": "/nix/store/2xza7g9y47n717w43qdd1ikc0y10qh16-nodejs-20.19.4"
        },
        "aarch64-linux": {
          "outputs": [
            {
              "name": "out",
              "path": "/nix/store/rpk03376gp4vrjrahx11ncr50ji6cvhw-nodejs-20.19.4",
              "default": true
            },
            {
              "name": "dev",
              "path": "/nix/store/qai8hc7vnmxil2b9ab86gv2wrg5yx67q-nodejs-20.19.4-dev"
            },
            {
              "name": "libv8",
              "path": "/nix/store/4d388d34pvahifbini4a28wm1wzi9c6l-nodejs-20.19.4-libv8"
            }
          ],
          "store_path": "/nix/store/rpk03376gp4vrjrahx11ncr50ji6cvhw-nodejs-20.19.4"
        },
        "x86_64-darwin": {
          "outputs": [
            {
              "name": "out",
              "path": "/nix/store/x7ail2dy0fi3742yridnnk3hdlp16cls-nodejs-20.19.4",
              "default": true
            },
            {
              "name": "dev",
              "path": "/nix/store/pcjlzxxfrgvw9pp0ir5v58h7n1al9xrn-nodejs-20.19.4-dev"
            },
            {
              "name": "libv8",
              "path": "/nix/store/zjmxxl948wyf7vczhz56rh6nmmysm6bl-nodejs-20.19.4-libv8"
            }
          ],
          "store_path": "/nix/store/x7ail2dy0fi3742yridnnk3hdlp16cls-nodejs-20.19.4"
        },
        "x86_64-linux": {
          "outputs": [
            {
              "name": "out",
              "path": "/nix/store/l62aza10kx0xp1f235q2lbrzzqj5lcs9-nodejs-20.19.4",
              "default": true
            },
            {
              "name": "dev",
              "path": "/nix/store/a73v659hn20f543z519cmm3vplah8pns-nodejs-20.19.4-dev"
            },
            {
              "name": "libv8",
              "path": "/nix/store/5q0dhajwwv1pfwnkm79wphvgi19wi49c-nodejs-20.19.4-libv8"
            }
          ],
          "store_path": "/nix/store/l62aza10kx0xp1f235q2lbrzzqj5lcs9-nodejs-20.19.4"
        }
      }
    },
    "ruby@2.7.5": {
      "last_modified": "2022-03-21T18:25:50Z",
      "plugin_version": "0.0.2",
      "resolved": "github:NixOS/nixpkgs/4c3c80df545ec5cb26b5480979c3e3f93518cbe5#ruby",
      "source": "devbox-search",
      "version": "2.7.5",
      "systems": {
        "aarch64-darwin": {
          "outputs": [
            {
              "name": "out",
              "path": "/nix/store/inhgi4ksqzqnjk6v9fa49fgdf0zymmpn-ruby-2.7.5",
              "default": true
            },
            {
              "name": "devdoc",
              "path": "/nix/store/39nj3bamlk15s2fxgvyz132xa1mzv279-ruby-2.7.5-devdoc"
            }
          ],
          "store_path": "/nix/store/inhgi4ksqzqnjk6v9fa49fgdf0zymmpn-ruby-2.7.5"
        },
        "aarch64-linux": {
          "outputs": [
            {
              "name": "out",
              "path": "/nix/store/0m1x14n35s91mj33jk0sa4y68i5hdcfk-ruby-2.7.5",
              "default": true
            },
            {
              "name": "devdoc",
              "path": "/nix/store/bm1vvw4zmg0lsx0imvnp9qsv5mcvgb8y-ruby-2.7.5-devdoc"
            }
          ],
          "store_path": "/nix/store/0m1x14n35s91mj33jk0sa4y68i5hdcfk-ruby-2.7.5"
        },
        "x86_64-darwin": {
          "outputs": [
            {
              "name": "out",
              "path": "/nix/store/dsnym6kh9jy2wl020jphwlm9kwp3w23p-ruby-2.7.5",
              "default": true
            },
            {
              "name": "devdoc",
              "path": "/nix/store/8axhwqn26rnj14mz0i8wrn0kwp3wyf98-ruby-2.7.5-devdoc"
            }
          ],
          "store_path": "/nix/store/dsnym6kh9jy2wl020jphwlm9kwp3w23p-ruby-2.7.5"
        }
      }
    }
  }
}
