{
  "lockfile_version": "1",
  "packages": {
    "jq@latest": {
      "last_modified": "2024-05-18T19:54:07Z",
      "resolved": "github:NixOS/nixpkgs/02923630b89aa1ab36ef8e422501a6f4fd4b2016#jq",
      "source": "devbox-search",
      "version": "1.7.1",
      "systems": {
        "aarch64-darwin": {
          "outputs": [
            {
              "name": "bin",
              "path": "/nix/store/2rf0h1lrb7npyl8c43hz516qsiws3a3i-jq-1.7.1-bin",
              "default": true
            },
            {
              "name": "man",
              "path": "/nix/store/4la1j0wv0n0iqbzs0azn8jw66a9npczm-jq-1.7.1-man",
              "default": true
            },
            {
              "name": "dev",
              "path": "/nix/store/4a2fm58fcjmlm55kvzpw6hbr94zz62p2-jq-1.7.1-dev"
            },
            {
              "name": "doc",
              "path": "/nix/store/kggwwxvqvlb7wpmysqp8zjfm6hm9gb2s-jq-1.7.1-doc"
            },
            {
              "name": "lib",
              "path": "/nix/store/7qxv4s17qgx1h5a1wbd1qi85lm27k665-jq-1.7.1-lib"
            },
            {
              "name": "out",
              "path": "/nix/store/0q8b43a5ysgr8cmw1f0z9zjs4g154pq2-jq-1.7.1"
            }
          ],
          "store_path": "/nix/store/2rf0h1lrb7npyl8c43hz516qsiws3a3i-jq-1.7.1-bin"
        },
        "aarch64-linux": {
          "outputs": [
            {
              "name": "bin",
              "path": "/nix/store/1jgvvjai94qd0ca0l2xcmnn9nrr4b8cm-jq-1.7.1-bin",
              "default": true
            },
            {
              "name": "man",
              "path": "/nix/store/yzlrqhi86fx1xad0n0j951c23n8qn6ng-jq-1.7.1-man",
              "default": true
            },
            {
              "name": "out",
              "path": "/nix/store/9815jk0vnl2ndik2zi3iyai62w3kvcan-jq-1.7.1"
            },
            {
              "name": "dev",
              "path": "/nix/store/g4pfmd2p3a7kcjqybwjlvngc1dl397hk-jq-1.7.1-dev"
            },
            {
              "name": "doc",
              "path": "/nix/store/3wfn3fpd82bzd7x9wwazh9rvrg5xkpza-jq-1.7.1-doc"
            },
            {
              "name": "lib",
              "path": "/nix/store/560f44gmk3cy5p9qlxpw69y372nb95i3-jq-1.7.1-lib"
            }
          ],
          "store_path": "/nix/store/1jgvvjai94qd0ca0l2xcmnn9nrr4b8cm-jq-1.7.1-bin"
        },
        "x86_64-darwin": {
          "outputs": [
            {
              "name": "bin",
              "path": "/nix/store/6c413vbraq85ijh7ymjzqb2hgkg202wj-jq-1.7.1-bin",
              "default": true
            },
            {
              "name": "man",
              "path": "/nix/store/qdmy9svjkf6hdwqz4isnrf1lwjl43lvn-jq-1.7.1-man",
              "default": true
            },
            {
              "name": "out",
              "path": "/nix/store/kprb5lyjwlkbzyjkvhndzj9lmsh40mhj-jq-1.7.1"
            },
            {
              "name": "dev",
              "path": "/nix/store/4wy9mygmhirpi0lrplan7w8sc0lwrkyw-jq-1.7.1-dev"
            },
            {
              "name": "doc",
              "path": "/nix/store/9xjixsdagz91dgk2x47160vq8k4hlyh3-jq-1.7.1-doc"
            },
            {
              "name": "lib",
              "path": "/nix/store/2l58lhi2g2dmx5qbf0wss4jj4jb8dcq8-jq-1.7.1-lib"
            }
          ],
          "store_path": "/nix/store/6c413vbraq85ijh7ymjzqb2hgkg202wj-jq-1.7.1-bin"
        },
        "x86_64-linux": {
          "outputs": [
            {
              "name": "bin",
              "path": "/nix/store/f1xhpw3m2155k1y3ylgiaknm2g7g7r50-jq-1.7.1-bin",
              "default": true
            },
            {
              "name": "man",
              "path": "/nix/store/2ab43a1k12sb9l5qf77vd9rlj3k3qap1-jq-1.7.1-man",
              "default": true
            },
            {
              "name": "dev",
              "path": "/nix/store/wpayb7lis1r3qsw2kxpjrqiri3318mlv-jq-1.7.1-dev"
            },
            {
              "name": "doc",
              "path": "/nix/store/8vkapd7w7dhcs2a33pm1dihizd314h5b-jq-1.7.1-doc"
            },
            {
              "name": "lib",
              "path": "/nix/store/2kaw6d2xbilbzg7h8r3310zmic0kn7pj-jq-1.7.1-lib"
            },
            {
              "name": "out",
              "path": "/nix/store/jrb6j0b9c7bfr12lrrb3x84ijgfh2w3g-jq-1.7.1"
            }
          ],
          "store_path": "/nix/store/f1xhpw3m2155k1y3ylgiaknm2g7g7r50-jq-1.7.1-bin"
        }
      }
    },
    "nodejs@20.10.0": {
      "last_modified": "2024-01-14T03:55:27Z",
      "plugin_version": "0.0.2",
      "resolved": "github:NixOS/nixpkgs/dd5621df6dcb90122b50da5ec31c411a0de3e538#nodejs_20",
      "source": "devbox-search",
      "version": "20.10.0",
      "systems": {
        "aarch64-darwin": {
          "store_path": "/nix/store/m8s1dj96nbackrk4gk1bsn8hlfcggg4b-nodejs-20.10.0"
        },
        "aarch64-linux": {
          "store_path": "/nix/store/n0i45l9cma3yyv6jqkd450xa7aqlxa2m-nodejs-20.10.0"
        },
        "x86_64-darwin": {
          "store_path": "/nix/store/ni7ks4fvk23gz4ik4x0kgpjmiqbzan30-nodejs-20.10.0"
        },
        "x86_64-linux": {
          "store_path": "/nix/store/hdq16s6vq9smhmcyl4ipmwfp9f2558rc-nodejs-20.10.0"
        }
      }
    }
  }
}
