{
  "lockfile_version": "1",
  "packages": {
    "act@latest": {
      "last_modified": "2024-12-08T11:15:23Z",
      "resolved": "github:NixOS/nixpkgs/93dc9803a1ee435e590b02cde9589038d5cc3a4e#act",
      "source": "devbox-search",
      "version": "0.2.70",
      "systems": {
        "aarch64-darwin": {
          "outputs": [
            {
              "name": "out",
              "path": "/nix/store/h72yk77ikx42ga31gq4q0w8s23kmkk21-act-0.2.70",
              "default": true
            }
          ],
          "store_path": "/nix/store/h72yk77ikx42ga31gq4q0w8s23kmkk21-act-0.2.70"
        },
        "aarch64-linux": {
          "outputs": [
            {
              "name": "out",
              "path": "/nix/store/5lcnk1m65ivjrjx0xhdbn8abaih1lk22-act-0.2.70",
              "default": true
            }
          ],
          "store_path": "/nix/store/5lcnk1m65ivjrjx0xhdbn8abaih1lk22-act-0.2.70"
        },
        "x86_64-darwin": {
          "outputs": [
            {
              "name": "out",
              "path": "/nix/store/xc2wfq2makmqglwnnmnbrc55cy8sa7lh-act-0.2.70",
              "default": true
            }
          ],
          "store_path": "/nix/store/xc2wfq2makmqglwnnmnbrc55cy8sa7lh-act-0.2.70"
        },
        "x86_64-linux": {
          "outputs": [
            {
              "name": "out",
              "path": "/nix/store/7aznaiy502bczdahy37s8yxx4h4ffl69-act-0.2.70",
              "default": true
            }
          ],
          "store_path": "/nix/store/7aznaiy502bczdahy37s8yxx4h4ffl69-act-0.2.70"
        }
      }
    },
    "gh@latest": {
      "last_modified": "2024-12-08T11:15:23Z",
      "resolved": "github:NixOS/nixpkgs/93dc9803a1ee435e590b02cde9589038d5cc3a4e#gh",
      "source": "devbox-search",
      "version": "2.63.2",
      "systems": {
        "aarch64-darwin": {
          "outputs": [
            {
              "name": "out",
              "path": "/nix/store/7c92k9mnhb7lj8fwx7abxib1lh66fl6b-gh-2.63.2",
              "default": true
            }
          ],
          "store_path": "/nix/store/7c92k9mnhb7lj8fwx7abxib1lh66fl6b-gh-2.63.2"
        },
        "aarch64-linux": {
          "outputs": [
            {
              "name": "out",
              "path": "/nix/store/slv9kqrwnd6pqx98qca4l1cx0f5iqw5f-gh-2.63.2",
              "default": true
            }
          ],
          "store_path": "/nix/store/slv9kqrwnd6pqx98qca4l1cx0f5iqw5f-gh-2.63.2"
        },
        "x86_64-darwin": {
          "outputs": [
            {
              "name": "out",
              "path": "/nix/store/s7y789vcy0325g7r8v9hxl8ly851ci1w-gh-2.63.2",
              "default": true
            }
          ],
          "store_path": "/nix/store/s7y789vcy0325g7r8v9hxl8ly851ci1w-gh-2.63.2"
        },
        "x86_64-linux": {
          "outputs": [
            {
              "name": "out",
              "path": "/nix/store/ziar5idvk8zxckyhyqhvaszisda27b2s-gh-2.63.2",
              "default": true
            }
          ],
          "store_path": "/nix/store/ziar5idvk8zxckyhyqhvaszisda27b2s-gh-2.63.2"
        }
      }
    },
    "git@latest": {
      "last_modified": "2024-11-03T14:18:04Z",
      "resolved": "github:NixOS/nixpkgs/4ae2e647537bcdbb82265469442713d066675275#git",
      "source": "devbox-search",
      "version": "2.47.0",
      "systems": {
        "aarch64-darwin": {
          "outputs": [
            {
              "name": "out",
              "path": "/nix/store/cyd9di9q6vsdnffn63m75nsnpf425v90-git-2.47.0",
              "default": true
            },
            {
              "name": "doc",
              "path": "/nix/store/gnwfrg822g1bbvpvml0j8n9xyl6ar5ba-git-2.47.0-doc"
            }
          ],
          "store_path": "/nix/store/cyd9di9q6vsdnffn63m75nsnpf425v90-git-2.47.0"
        },
        "aarch64-linux": {
          "outputs": [
            {
              "name": "out",
              "path": "/nix/store/mv9iialik5dplp2aisz57b8p5gxqgf7x-git-2.47.0",
              "default": true
            },
            {
              "name": "doc",
              "path": "/nix/store/yhni7sp17wcmyxs454vyl1pkzl7mjrmw-git-2.47.0-doc"
            },
            {
              "name": "debug",
              "path": "/nix/store/rh25yqlwvhhq88v66n22dvm7rsnhlg57-git-2.47.0-debug"
            }
          ],
          "store_path": "/nix/store/mv9iialik5dplp2aisz57b8p5gxqgf7x-git-2.47.0"
        },
        "x86_64-darwin": {
          "outputs": [
            {
              "name": "out",
              "path": "/nix/store/5c2w03ma8zc4zjszsfhd67xbdhiz40vy-git-2.47.0",
              "default": true
            },
            {
              "name": "doc",
              "path": "/nix/store/dbgivvv0rj7z5c7hkhf4fcy226rkfhp2-git-2.47.0-doc"
            }
          ],
          "store_path": "/nix/store/5c2w03ma8zc4zjszsfhd67xbdhiz40vy-git-2.47.0"
        },
        "x86_64-linux": {
          "outputs": [
            {
              "name": "out",
              "path": "/nix/store/j44p1p9kci9rnrr3aj9a8j8rwvfmg75k-git-2.47.0",
              "default": true
            },
            {
              "name": "debug",
              "path": "/nix/store/z4b92wpp5jqqgsm46hhig3kd50svc50p-git-2.47.0-debug"
            },
            {
              "name": "doc",
              "path": "/nix/store/h2pa58nivani7fx9f9r4q0fpamj89kf7-git-2.47.0-doc"
            }
          ],
          "store_path": "/nix/store/j44p1p9kci9rnrr3aj9a8j8rwvfmg75k-git-2.47.0"
        }
      }
    },
    "jq@latest": {
      "last_modified": "2024-11-07T05:50:23Z",
      "resolved": "github:NixOS/nixpkgs/85f7e662eda4fa3a995556527c87b2524b691933#jq",
      "source": "devbox-search",
      "version": "1.7.1",
      "systems": {
        "aarch64-darwin": {
          "outputs": [
            {
              "name": "bin",
              "path": "/nix/store/mx6zrpgk9ncxmdkriivad29g6ms54lp4-jq-1.7.1-bin",
              "default": true
            },
            {
              "name": "man",
              "path": "/nix/store/13q2k3y8rabhsxknma0by8m9kvvdc5z4-jq-1.7.1-man",
              "default": true
            },
            {
              "name": "dev",
              "path": "/nix/store/3zyi01bjcf4f54khnnyhpbhg53g552mh-jq-1.7.1-dev"
            },
            {
              "name": "doc",
              "path": "/nix/store/njqci9px1wh3nd1k0w0rdizkj7dq38sz-jq-1.7.1-doc"
            },
            {
              "name": "out",
              "path": "/nix/store/g25q96a9y4m2y5v8acyyd16l4wml2haz-jq-1.7.1"
            }
          ],
          "store_path": "/nix/store/mx6zrpgk9ncxmdkriivad29g6ms54lp4-jq-1.7.1-bin"
        },
        "aarch64-linux": {
          "outputs": [
            {
              "name": "bin",
              "path": "/nix/store/m749l3lg9kmld916656p0b4mb9p9i62y-jq-1.7.1-bin",
              "default": true
            },
            {
              "name": "man",
              "path": "/nix/store/061h9pv30awg36fjfhzsw5a1bh37zcdr-jq-1.7.1-man",
              "default": true
            },
            {
              "name": "out",
              "path": "/nix/store/ar5glhxq1x82ngnd6cni4wpfdfd06kdz-jq-1.7.1"
            },
            {
              "name": "dev",
              "path": "/nix/store/4y9x9d4w7np0vby58glizzaf5p55g4ak-jq-1.7.1-dev"
            },
            {
              "name": "doc",
              "path": "/nix/store/xlpqc0zdgbi2wg0rxippj4jp7wgbqbmk-jq-1.7.1-doc"
            }
          ],
          "store_path": "/nix/store/m749l3lg9kmld916656p0b4mb9p9i62y-jq-1.7.1-bin"
        },
        "x86_64-darwin": {
          "outputs": [
            {
              "name": "bin",
              "path": "/nix/store/91chd95c04083fxabvjbvpnaxizji71d-jq-1.7.1-bin",
              "default": true
            },
            {
              "name": "man",
              "path": "/nix/store/2xgr0bm2dcn64jxyh7v8jg8ygdpy6g50-jq-1.7.1-man",
              "default": true
            },
            {
              "name": "out",
              "path": "/nix/store/wnxi834pnbfl9lz2ahx62z6ivsl3d3ns-jq-1.7.1"
            },
            {
              "name": "dev",
              "path": "/nix/store/39kp2v0mkw82jkggmwlpyv0pzkav2z2y-jq-1.7.1-dev"
            },
            {
              "name": "doc",
              "path": "/nix/store/d53nra4g8m3lfg4zqrmjmmp2b7cfbilx-jq-1.7.1-doc"
            }
          ],
          "store_path": "/nix/store/91chd95c04083fxabvjbvpnaxizji71d-jq-1.7.1-bin"
        },
        "x86_64-linux": {
          "outputs": [
            {
              "name": "bin",
              "path": "/nix/store/wj603ds3b3gdwsrlx4nzcg4v3ba2298b-jq-1.7.1-bin",
              "default": true
            },
            {
              "name": "man",
              "path": "/nix/store/yiwlz5r6vlb6g32fczyb6zghnrizv3mq-jq-1.7.1-man",
              "default": true
            },
            {
              "name": "dev",
              "path": "/nix/store/rlxn658k96prpc4xhrzld4jwjqvkb2bz-jq-1.7.1-dev"
            },
            {
              "name": "doc",
              "path": "/nix/store/d0cwkm74mp1mqbf3bsdkbyx94byipyzp-jq-1.7.1-doc"
            },
            {
              "name": "out",
              "path": "/nix/store/3nsnyac45i07pfgjw5bn1kpbwaxphm70-jq-1.7.1"
            }
          ],
          "store_path": "/nix/store/wj603ds3b3gdwsrlx4nzcg4v3ba2298b-jq-1.7.1-bin"
        }
      }
    },
    "maestro@latest": {
      "last_modified": "2024-11-03T14:18:04Z",
      "resolved": "github:NixOS/nixpkgs/4ae2e647537bcdbb82265469442713d066675275#maestro",
      "source": "devbox-search",
      "version": "1.39.0",
      "systems": {
        "aarch64-darwin": {
          "outputs": [
            {
              "name": "out",
              "path": "/nix/store/qng4py16c4l90ndwqd2sn7qmhhjd3ayw-maestro-1.39.0",
              "default": true
            }
          ],
          "store_path": "/nix/store/qng4py16c4l90ndwqd2sn7qmhhjd3ayw-maestro-1.39.0"
        },
        "aarch64-linux": {
          "outputs": [
            {
              "name": "out",
              "path": "/nix/store/vi8zhz8rvz1d5cnd349raiyv351v50ma-maestro-1.39.0",
              "default": true
            }
          ],
          "store_path": "/nix/store/vi8zhz8rvz1d5cnd349raiyv351v50ma-maestro-1.39.0"
        },
        "x86_64-darwin": {
          "outputs": [
            {
              "name": "out",
              "path": "/nix/store/arzrx9qn69nwszw206zk2lpz1yna3jgj-maestro-1.39.0",
              "default": true
            }
          ],
          "store_path": "/nix/store/arzrx9qn69nwszw206zk2lpz1yna3jgj-maestro-1.39.0"
        },
        "x86_64-linux": {
          "outputs": [
            {
              "name": "out",
              "path": "/nix/store/6flgakrk3n4nrjbvy6zxl4sv3ykf3y7s-maestro-1.39.0",
              "default": true
            }
          ],
          "store_path": "/nix/store/6flgakrk3n4nrjbvy6zxl4sv3ykf3y7s-maestro-1.39.0"
        }
      }
    },
    "nodejs@20.10.0": {
      "last_modified": "2024-01-14T03:55:27Z",
      "plugin_version": "0.0.2",
      "resolved": "github:NixOS/nixpkgs/dd5621df6dcb90122b50da5ec31c411a0de3e538#nodejs_20",
      "source": "devbox-search",
      "version": "20.10.0",
      "systems": {
        "aarch64-darwin": {
          "outputs": [
            {
              "name": "out",
              "path": "/nix/store/m8s1dj96nbackrk4gk1bsn8hlfcggg4b-nodejs-20.10.0",
              "default": true
            },
            {
              "name": "libv8",
              "path": "/nix/store/bz3b8fdv6wimcinaabk7xaxgz2im5br2-nodejs-20.10.0-libv8"
            }
          ],
          "store_path": "/nix/store/m8s1dj96nbackrk4gk1bsn8hlfcggg4b-nodejs-20.10.0"
        },
        "aarch64-linux": {
          "outputs": [
            {
              "name": "out",
              "path": "/nix/store/n0i45l9cma3yyv6jqkd450xa7aqlxa2m-nodejs-20.10.0",
              "default": true
            },
            {
              "name": "libv8",
              "path": "/nix/store/7x3j6m1blyp7j4sg9i0p3qpmzax5m63l-nodejs-20.10.0-libv8"
            }
          ],
          "store_path": "/nix/store/n0i45l9cma3yyv6jqkd450xa7aqlxa2m-nodejs-20.10.0"
        },
        "x86_64-darwin": {
          "outputs": [
            {
              "name": "out",
              "path": "/nix/store/ni7ks4fvk23gz4ik4x0kgpjmiqbzan30-nodejs-20.10.0",
              "default": true
            },
            {
              "name": "libv8",
              "path": "/nix/store/3kpq8xm7g33i1dcqhhfr1wlx503zr9cw-nodejs-20.10.0-libv8"
            }
          ],
          "store_path": "/nix/store/ni7ks4fvk23gz4ik4x0kgpjmiqbzan30-nodejs-20.10.0"
        },
        "x86_64-linux": {
          "outputs": [
            {
              "name": "out",
              "path": "/nix/store/hdq16s6vq9smhmcyl4ipmwfp9f2558rc-nodejs-20.10.0",
              "default": true
            },
            {
              "name": "libv8",
              "path": "/nix/store/k82l5mnknxcab0595j4r7filvdl3lj77-nodejs-20.10.0-libv8"
            }
          ],
          "store_path": "/nix/store/hdq16s6vq9smhmcyl4ipmwfp9f2558rc-nodejs-20.10.0"
        }
      }
    },
    "podman@latest": {
      "last_modified": "2024-11-30T03:39:21Z",
      "resolved": "github:NixOS/nixpkgs/4703b8d2c708e13a8cab03d865f90973536dcdf5#podman",
      "source": "devbox-search",
      "version": "5.3.1",
      "systems": {
        "aarch64-darwin": {
          "outputs": [
            {
              "name": "out",
              "path": "/nix/store/fjacapf5sad674dky5jl97d5j6ixiaqq-podman-5.3.1",
              "default": true
            },
            {
              "name": "man",
              "path": "/nix/store/8b1x8g5x6gsa7d09x4gw03mb5jvfc8ab-podman-5.3.1-man",
              "default": true
            }
          ],
          "store_path": "/nix/store/fjacapf5sad674dky5jl97d5j6ixiaqq-podman-5.3.1"
        },
        "aarch64-linux": {
          "outputs": [
            {
              "name": "out",
              "path": "/nix/store/n8q6bh478xg5f7kva3wqjc1zicanlak4-podman-5.3.1",
              "default": true
            },
            {
              "name": "man",
              "path": "/nix/store/a6408s5m3p2nx41hbpva29ddy2ram7ng-podman-5.3.1-man",
              "default": true
            }
          ],
          "store_path": "/nix/store/n8q6bh478xg5f7kva3wqjc1zicanlak4-podman-5.3.1"
        },
        "x86_64-darwin": {
          "outputs": [
            {
              "name": "out",
              "path": "/nix/store/pcl6abw7k53fz6y4sr8cz8i88k7cn8yk-podman-5.3.1",
              "default": true
            },
            {
              "name": "man",
              "path": "/nix/store/mi486xchj8symx8hjivgrjlwx4rm1bnf-podman-5.3.1-man",
              "default": true
            }
          ],
          "store_path": "/nix/store/pcl6abw7k53fz6y4sr8cz8i88k7cn8yk-podman-5.3.1"
        },
        "x86_64-linux": {
          "outputs": [
            {
              "name": "out",
              "path": "/nix/store/y2w6wgl5sgb5ljnndzwkv83hnyi5xgng-podman-5.3.1",
              "default": true
            },
            {
              "name": "man",
              "path": "/nix/store/8cw9aywzixdmdqq8bsd9ha6s1dmvl8rm-podman-5.3.1-man",
              "default": true
            }
          ],
          "store_path": "/nix/store/y2w6wgl5sgb5ljnndzwkv83hnyi5xgng-podman-5.3.1"
        }
      }
    },
    "python3@latest": {
      "last_modified": "2024-10-13T23:44:06Z",
      "plugin_version": "0.0.4",
      "resolved": "github:NixOS/nixpkgs/d4f247e89f6e10120f911e2e2d2254a050d0f732#python3",
      "source": "devbox-search",
      "version": "3.12.6",
      "systems": {
        "aarch64-darwin": {
          "outputs": [
            {
              "name": "out",
              "path": "/nix/store/ybnf7k6i9p244bbhsbxizqk65z58cwyr-python3-3.12.6",
              "default": true
            }
          ],
          "store_path": "/nix/store/ybnf7k6i9p244bbhsbxizqk65z58cwyr-python3-3.12.6"
        },
        "aarch64-linux": {
          "outputs": [
            {
              "name": "out",
              "path": "/nix/store/pv8p76ihrnqf81xan9qnv53ks84wmp07-python3-3.12.6",
              "default": true
            },
            {
              "name": "debug",
              "path": "/nix/store/qk5wzj1q68jdvnzph5ckiir2wj87qygq-python3-3.12.6-debug"
            }
          ],
          "store_path": "/nix/store/pv8p76ihrnqf81xan9qnv53ks84wmp07-python3-3.12.6"
        },
        "x86_64-darwin": {
          "outputs": [
            {
              "name": "out",
              "path": "/nix/store/d30gb7nm3bnd58a5c3gwnmxywzbls69v-python3-3.12.6",
              "default": true
            }
          ],
          "store_path": "/nix/store/d30gb7nm3bnd58a5c3gwnmxywzbls69v-python3-3.12.6"
        },
        "x86_64-linux": {
          "outputs": [
            {
              "name": "out",
              "path": "/nix/store/wfbjq35kxs6x83c3ncpfxdyl5gbhdx4h-python3-3.12.6",
              "default": true
            },
            {
              "name": "debug",
              "path": "/nix/store/wmg3whp163d4y3www9kfziwks1yn6k9i-python3-3.12.6-debug"
            }
          ],
          "store_path": "/nix/store/wfbjq35kxs6x83c3ncpfxdyl5gbhdx4h-python3-3.12.6"
        }
      }
    },
    "ruby@2.7.5": {
      "last_modified": "2022-03-21T18:25:50Z",
      "plugin_version": "0.0.2",
      "resolved": "github:NixOS/nixpkgs/4c3c80df545ec5cb26b5480979c3e3f93518cbe5#ruby",
      "source": "devbox-search",
      "version": "2.7.5",
      "systems": {
        "aarch64-darwin": {
          "outputs": [
            {
              "name": "out",
              "path": "/nix/store/inhgi4ksqzqnjk6v9fa49fgdf0zymmpn-ruby-2.7.5",
              "default": true
            },
            {
              "name": "devdoc",
              "path": "/nix/store/39nj3bamlk15s2fxgvyz132xa1mzv279-ruby-2.7.5-devdoc"
            }
          ],
          "store_path": "/nix/store/inhgi4ksqzqnjk6v9fa49fgdf0zymmpn-ruby-2.7.5"
        },
        "aarch64-linux": {
          "outputs": [
            {
              "name": "out",
              "path": "/nix/store/0m1x14n35s91mj33jk0sa4y68i5hdcfk-ruby-2.7.5",
              "default": true
            },
            {
              "name": "devdoc",
              "path": "/nix/store/bm1vvw4zmg0lsx0imvnp9qsv5mcvgb8y-ruby-2.7.5-devdoc"
            }
          ],
          "store_path": "/nix/store/0m1x14n35s91mj33jk0sa4y68i5hdcfk-ruby-2.7.5"
        },
        "x86_64-darwin": {
          "outputs": [
            {
              "name": "out",
              "path": "/nix/store/dsnym6kh9jy2wl020jphwlm9kwp3w23p-ruby-2.7.5",
              "default": true
            },
            {
              "name": "devdoc",
              "path": "/nix/store/8axhwqn26rnj14mz0i8wrn0kwp3wyf98-ruby-2.7.5-devdoc"
            }
          ],
          "store_path": "/nix/store/dsnym6kh9jy2wl020jphwlm9kwp3w23p-ruby-2.7.5"
        }
      }
    },
    "watchman@latest": {
      "last_modified": "2024-11-03T14:18:04Z",
      "resolved": "github:NixOS/nixpkgs/4ae2e647537bcdbb82265469442713d066675275#watchman",
      "source": "devbox-search",
      "version": "2024.03.11.00",
      "systems": {
        "aarch64-darwin": {
          "outputs": [
            {
              "name": "out",
              "path": "/nix/store/4p1f43klngqvz07sd10axhqa74sijffr-watchman-2024.03.11.00",
              "default": true
            }
          ],
          "store_path": "/nix/store/4p1f43klngqvz07sd10axhqa74sijffr-watchman-2024.03.11.00"
        },
        "aarch64-linux": {
          "outputs": [
            {
              "name": "out",
              "path": "/nix/store/4g8wqiw0m31asfdiz13h2i4vcg2ks5ym-watchman-2024.03.11.00",
              "default": true
            }
          ],
          "store_path": "/nix/store/4g8wqiw0m31asfdiz13h2i4vcg2ks5ym-watchman-2024.03.11.00"
        },
        "x86_64-darwin": {
          "outputs": [
            {
              "name": "out",
              "path": "/nix/store/gxjqj63mqaqijjd73wi8id9f01a64z00-watchman-2024.03.11.00",
              "default": true
            }
          ],
          "store_path": "/nix/store/gxjqj63mqaqijjd73wi8id9f01a64z00-watchman-2024.03.11.00"
        },
        "x86_64-linux": {
          "outputs": [
            {
              "name": "out",
              "path": "/nix/store/m8a9i2lyf2sc1wb6lhli0nb74ss678cy-watchman-2024.03.11.00",
              "default": true
            }
          ],
          "store_path": "/nix/store/m8a9i2lyf2sc1wb6lhli0nb74ss678cy-watchman-2024.03.11.00"
        }
      }
    }
  }
}
