{
  "nodes": {
    "flake-utils": {
      "inputs": {
        "systems": "systems"
      },
      "locked": {
        "lastModified": 1726560853,
        "narHash": "sha256-X6rJYSESBVr3hBoH0WbKE5KvhPU5bloyZ2L4K60/fPQ=",
        "owner": "numtide",
        "repo": "flake-utils",
        "rev": "c1dfcf08411b08f6b8615f7d8971a2bfa81d5e8a",
        "type": "github"
      },
      "original": {
        "owner": "numtide",
        "repo": "flake-utils",
        "type": "github"
      }
    },
    "nixpkgs": {
      "locked": {
        "lastModified": 1742206328,
        "narHash": "sha256-q+AQ///oMnyyFzzF4H9ShSRENt3Zsx37jTiRkLkXXE0=",
        "owner": "nixos",
        "repo": "nixpkgs",
        "rev": "096478927c360bc18ea80c8274f013709cf7bdcd",
        "type": "github"
      },
      "original": {
        "owner": "nixos",
        "ref": "nixpkgs-unstable",
        "repo": "nixpkgs",
        "type": "github"
      }
    },
    "nixpkgs_gitleaks": {
      "locked": {
        "lastModified": 1761166759,
        "narHash": "sha256-DTTTjEVRxEBLHoiCJ2xZL+IOZ7Vw2PnnGintfZt16QM=",
        "owner": "nixos",
        "repo": "nixpkgs",
        "rev": "01b6809f7f9d1183a2b3e081f0a1e6f8f415cb09",
        "type": "github"
      },
      "original": {
        "owner": "nixos",
        "repo": "nixpkgs",
        "rev": "01b6809f7f9d1183a2b3e081f0a1e6f8f415cb09",
        "type": "github"
      }
    },
    "nixpkgs_nodejs": {
      "locked": {
        "lastModified": 1705204527,
        "narHash": "sha256-WVz9WdaFBhAwO/7A+HlW8HPJ4VQ8QnpCD1WZAcAPneo=",
        "owner": "nixos",
        "repo": "nixpkgs",
        "rev": "dd5621df6dcb90122b50da5ec31c411a0de3e538",
        "type": "github"
      },
      "original": {
        "owner": "nixos",
        "repo": "nixpkgs",
        "rev": "dd5621df6dcb90122b50da5ec31c411a0de3e538",
        "type": "github"
      }
    },
    "nixpkgs_ruby": {
      "locked": {
        "lastModified": 1649843365,
        "narHash": "sha256-nm25C0Y3rxE4xkXVdrdX9BP1QABh5VMFOWKvDWpk73o=",
        "owner": "nixos",
        "repo": "nixpkgs",
        "rev": "0343e3415784b2cd9c68924294794f7dbee12ab3",
        "type": "github"
      },
      "original": {
        "owner": "nixos",
        "repo": "nixpkgs",
        "rev": "0343e3415784b2cd9c68924294794f7dbee12ab3",
        "type": "github"
      }
    },
    "root": {
      "inputs": {
        "flake-utils": "flake-utils",
        "nixpkgs": "nixpkgs",
        "nixpkgs_gitleaks": "nixpkgs_gitleaks",
        "nixpkgs_nodejs": "nixpkgs_nodejs",
        "nixpkgs_ruby": "nixpkgs_ruby"
      }
    },
    "systems": {
      "locked": {
        "lastModified": 1681028828,
        "narHash": "sha256-Vy1rq5AaRuLzOxct8nz4T6wlgyUR7zLU309k9mBC768=",
        "owner": "nix-systems",
        "repo": "default",
        "rev": "da67096a3b9bf56a91d16901293e51ba5b49a27e",
        "type": "github"
      },
      "original": {
        "owner": "nix-systems",
        "repo": "default",
        "type": "github"
      }
    }
  },
  "root": "root",
  "version": 7
}
