appId: ${MAESTRO_APP_ID}
---
- runFlow: reusableFlows/LaunchApp.yml

- runFlow: reusableFlows/features/cookies/AcceptCookies.yml

- runFlow: reusableFlows/features/tutorial/onboarding/Onboard18.yml

- assertVisible: "Bienvenue\_!"
- assertVisible: "Débloque ton crédit"
- tapOn: # id du bloc
    id: "module-background"

- assertVisible: "Crée-toi un compte"

- runFlow: reusableFlows/StopApp.yml