appId: ${MAESTRO_APP_ID}
---
- runFlow: reusableFlows/LaunchApp.yml

- runFlow: reusableFlows/features/cookies/AcceptCookies.yml
- runFlow: reusableFlows/features/tutorial/onboarding/Onboard18.yml

- runFlow: reusableFlows/features/home/OpenActivationModuleFromHome.yml

- runFlow: reusableFlows/StopApp.yml